// !$*UTF8*$!
{
	archiveVersion = 1;
	classes = {
	};
	objectVersion = 50;
	objects = {

/* Begin PBXBuildFile section */
		6B66811B230AB8FA00DBDDB9 /* DetailViewController.swift in Sources */ = {isa = PBXBuildFile; fileRef = 6B66811A230AB8FA00DBDDB9 /* DetailViewController.swift */; };
		6B6DBFB2230A9F65004C27EB /* AppDelegate.swift in Sources */ = {isa = PBXBuildFile; fileRef = 6B6DBFB1230A9F65004C27EB /* AppDelegate.swift */; };
		6B6DBFB4230A9F65004C27EB /* ViewController.swift in Sources */ = {isa = PBXBuildFile; fileRef = 6B6DBFB3230A9F65004C27EB /* ViewController.swift */; };
		6B6DBFB7230A9F65004C27EB /* Main.storyboard in Resources */ = {isa = PBXBuildFile; fileRef = 6B6DBFB5230A9F65004C27EB /* Main.storyboard */; };
		6B6DBFB9230A9F67004C27EB /* Assets.xcassets in Resources */ = {isa = PBXBuildFile; fileRef = 6B6DBFB8230A9F67004C27EB /* Assets.xcassets */; };
		6B6DBFBC230A9F67004C27EB /* LaunchScreen.storyboard in Resources */ = {isa = PBXBuildFile; fileRef = 6B6DBFBA230A9F67004C27EB /* LaunchScreen.storyboard */; };
		6B6DBFC8230AA3AB004C27EB /* BooksDetailCell.swift in Sources */ = {isa = PBXBuildFile; fileRef = 6B6DBFC6230AA3AA004C27EB /* BooksDetailCell.swift */; };
		6B6DBFC9230AA3AB004C27EB /* BookCell.swift in Sources */ = {isa = PBXBuildFile; fileRef = 6B6DBFC7230AA3AB004C27EB /* BookCell.swift */; };
		6B6DBFCB230AA3B6004C27EB /* Book.swift in Sources */ = {isa = PBXBuildFile; fileRef = 6B6DBFCA230AA3B6004C27EB /* Book.swift */; };
		6B6DBFCD230AAC0C004C27EB /* NextViewController.swift in Sources */ = {isa = PBXBuildFile; fileRef = 6B6DBFCC230AAC0C004C27EB /* NextViewController.swift */; };
/* End PBXBuildFile section */

/* Begin PBXFileReference section */
		6B66811A230AB8FA00DBDDB9 /* DetailViewController.swift */ = {isa = PBXFileReference; lastKnownFileType = sourcecode.swift; path = DetailViewController.swift; sourceTree = "<group>"; };
		6B6DBFAE230A9F65004C27EB /* Jiny Books.app */ = {isa = PBXFileReference; explicitFileType = wrapper.application; includeInIndex = 0; path = "Jiny Books.app"; sourceTree = BUILT_PRODUCTS_DIR; };
		6B6DBFB1230A9F65004C27EB /* AppDelegate.swift */ = {isa = PBXFileReference; lastKnownFileType = sourcecode.swift; path = AppDelegate.swift; sourceTree = "<group>"; };
		6B6DBFB3230A9F65004C27EB /* ViewController.swift */ = {isa = PBXFileReference; lastKnownFileType = sourcecode.swift; path = ViewController.swift; sourceTree = "<group>"; };
		6B6DBFB6230A9F65004C27EB /* Base */ = {isa = PBXFileReference; lastKnownFileType = file.storyboard; name = Base; path = Base.lproj/Main.storyboard; sourceTree = "<group>"; };
		6B6DBFB8230A9F67004C27EB /* Assets.xcassets */ = {isa = PBXFileReference; lastKnownFileType = folder.assetcatalog; path = Assets.xcassets; sourceTree = "<group>"; };
		6B6DBFBB230A9F67004C27EB /* Base */ = {isa = PBXFileReference; lastKnownFileType = file.storyboard; name = Base; path = Base.lproj/LaunchScreen.storyboard; sourceTree = "<group>"; };
		6B6DBFBD230A9F67004C27EB /* Info.plist */ = {isa = PBXFileReference; lastKnownFileType = text.plist.xml; path = Info.plist; sourceTree = "<group>"; };
		6B6DBFC6230AA3AA004C27EB /* BooksDetailCell.swift */ = {isa = PBXFileReference; fileEncoding = 4; lastKnownFileType = sourcecode.swift; path = BooksDetailCell.swift; sourceTree = "<group>"; };
		6B6DBFC7230AA3AB004C27EB /* BookCell.swift */ = {isa = PBXFileReference; fileEncoding = 4; lastKnownFileType = sourcecode.swift; path = BookCell.swift; sourceTree = "<group>"; };
		6B6DBFCA230AA3B6004C27EB /* Book.swift */ = {isa = PBXFileReference; fileEncoding = 4; lastKnownFileType = sourcecode.swift; path = Book.swift; sourceTree = "<group>"; };
		6B6DBFCC230AAC0C004C27EB /* NextViewController.swift */ = {isa = PBXFileReference; fileEncoding = 4; lastKnownFileType = sourcecode.swift; path = NextViewController.swift; sourceTree = "<group>"; };
/* End PBXFileReference section */

/* Begin PBXFrameworksBuildPhase section */
		6B6DBFAB230A9F65004C27EB /* Frameworks */ = {
			isa = PBXFrameworksBuildPhase;
			buildActionMask = 2147483647;
			files = (
			);
			runOnlyForDeploymentPostprocessing = 0;
		};
/* End PBXFrameworksBuildPhase section */

/* Begin PBXGroup section */
		6B6DBFA5230A9F65004C27EB = {
			isa = PBXGroup;
			children = (
				6B6DBFB0230A9F65004C27EB /* Jiny Books */,
				6B6DBFAF230A9F65004C27EB /* Products */,
			);
			sourceTree = "<group>";
		};
		6B6DBFAF230A9F65004C27EB /* Products */ = {
			isa = PBXGroup;
			children = (
				6B6DBFAE230A9F65004C27EB /* Jiny Books.app */,
			);
			name = Products;
			sourceTree = "<group>";
		};
		6B6DBFB0230A9F65004C27EB /* Jiny Books */ = {
			isa = PBXGroup;
			children = (
				6B6DBFC5230AA133004C27EB /* Controller */,
				6B6DBFC4230AA12E004C27EB /* Model */,
				6B6DBFC3230AA123004C27EB /* View */,
				6B6DBFB1230A9F65004C27EB /* AppDelegate.swift */,
				6B6DBFB5230A9F65004C27EB /* Main.storyboard */,
				6B6DBFB8230A9F67004C27EB /* Assets.xcassets */,
				6B6DBFBA230A9F67004C27EB /* LaunchScreen.storyboard */,
				6B6DBFBD230A9F67004C27EB /* Info.plist */,
			);
			path = "Jiny Books";
			sourceTree = "<group>";
		};
		6B6DBFC3230AA123004C27EB /* View */ = {
			isa = PBXGroup;
			children = (
				6B6DBFC7230AA3AB004C27EB /* BookCell.swift */,
				6B6DBFC6230AA3AA004C27EB /* BooksDetailCell.swift */,
			);
			path = View;
			sourceTree = "<group>";
		};
		6B6DBFC4230AA12E004C27EB /* Model */ = {
			isa = PBXGroup;
			children = (
				6B6DBFCA230AA3B6004C27EB /* Book.swift */,
			);
			path = Model;
			sourceTree = "<group>";
		};
		6B6DBFC5230AA133004C27EB /* Controller */ = {
			isa = PBXGroup;
			children = (
				6B6DBFCC230AAC0C004C27EB /* NextViewController.swift */,
				6B6DBFB3230A9F65004C27EB /* ViewController.swift */,
				6B66811A230AB8FA00DBDDB9 /* DetailViewController.swift */,
			);
			path = Controller;
			sourceTree = "<group>";
		};
/* End PBXGroup section */

/* Begin PBXNativeTarget section */
		6B6DBFAD230A9F65004C27EB /* Jiny Books */ = {
			isa = PBXNativeTarget;
			buildConfigurationList = 6B6DBFC0230A9F67004C27EB /* Build configuration list for PBXNativeTarget "Jiny Books" */;
			buildPhases = (
				6B6DBFAA230A9F65004C27EB /* Sources */,
				6B6DBFAB230A9F65004C27EB /* Frameworks */,
				6B6DBFAC230A9F65004C27EB /* Resources */,
			);
			buildRules = (
			);
			dependencies = (
			);
			name = "Jiny Books";
			productName = "Jiny Books";
			productReference = 6B6DBFAE230A9F65004C27EB /* Jiny Books.app */;
			productType = "com.apple.product-type.application";
		};
/* End PBXNativeTarget section */

/* Begin PBXProject section */
		6B6DBFA6230A9F65004C27EB /* Project object */ = {
			isa = PBXProject;
			attributes = {
				LastSwiftUpdateCheck = 1030;
				LastUpgradeCheck = 1030;
				ORGANIZATIONNAME = Demo;
				TargetAttributes = {
					6B6DBFAD230A9F65004C27EB = {
						CreatedOnToolsVersion = 10.3;
					};
				};
			};
			buildConfigurationList = 6B6DBFA9230A9F65004C27EB /* Build configuration list for PBXProject "Jiny Books" */;
			compatibilityVersion = "Xcode 9.3";
			developmentRegion = en;
			hasScannedForEncodings = 0;
			knownRegions = (
				en,
				Base,
			);
			mainGroup = 6B6DBFA5230A9F65004C27EB;
			productRefGroup = 6B6DBFAF230A9F65004C27EB /* Products */;
			projectDirPath = "";
			projectRoot = "";
			targets = (
				6B6DBFAD230A9F65004C27EB /* Jiny Books */,
			);
		};
/* End PBXProject section */

/* Begin PBXResourcesBuildPhase section */
		6B6DBFAC230A9F65004C27EB /* Resources */ = {
			isa = PBXResourcesBuildPhase;
			buildActionMask = 2147483647;
			files = (
				6B6DBFBC230A9F67004C27EB /* LaunchScreen.storyboard in Resources */,
				6B6DBFB9230A9F67004C27EB /* Assets.xcassets in Resources */,
				6B6DBFB7230A9F65004C27EB /* Main.storyboard in Resources */,
			);
			runOnlyForDeploymentPostprocessing = 0;
		};
/* End PBXResourcesBuildPhase section */

/* Begin PBXSourcesBuildPhase section */
		6B6DBFAA230A9F65004C27EB /* Sources */ = {
			isa = PBXSourcesBuildPhase;
			buildActionMask = 2147483647;
			files = (
				6B6DBFC9230AA3AB004C27EB /* BookCell.swift in Sources */,
				6B6DBFCD230AAC0C004C27EB /* NextViewController.swift in Sources */,
				6B6DBFB4230A9F65004C27EB /* ViewController.swift in Sources */,
				6B6DBFB2230A9F65004C27EB /* AppDelegate.swift in Sources */,
				6B6DBFCB230AA3B6004C27EB /* Book.swift in Sources */,
				6B6DBFC8230AA3AB004C27EB /* BooksDetailCell.swift in Sources */,
				6B66811B230AB8FA00DBDDB9 /* DetailViewController.swift in Sources */,
			);
			runOnlyForDeploymentPostprocessing = 0;
		};
/* End PBXSourcesBuildPhase section */

/* Begin PBXVariantGroup section */
		6B6DBFB5230A9F65004C27EB /* Main.storyboard */ = {
			isa = PBXVariantGroup;
			children = (
				6B6DBFB6230A9F65004C27EB /* Base */,
			);
			name = Main.storyboard;
			sourceTree = "<group>";
		};
		6B6DBFBA230A9F67004C27EB /* LaunchScreen.storyboard */ = {
			isa = PBXVariantGroup;
			children = (
				6B6DBFBB230A9F67004C27EB /* Base */,
			);
			name = LaunchScreen.storyboard;
			sourceTree = "<group>";
		};
/* End PBXVariantGroup section */

/* Begin XCBuildConfiguration section */
		6B6DBFBE230A9F67004C27EB /* Debug */ = {
			isa = XCBuildConfiguration;
			buildSettings = {
				ALWAYS_SEARCH_USER_PATHS = NO;
				CLANG_ANALYZER_NONNULL = YES;
				CLANG_ANALYZER_NUMBER_OBJECT_CONVERSION = YES_AGGRESSIVE;
				CLANG_CXX_LANGUAGE_STANDARD = "gnu++14";
				CLANG_CXX_LIBRARY = "libc++";
				CLANG_ENABLE_MODULES = YES;
				CLANG_ENABLE_OBJC_ARC = YES;
				CLANG_ENABLE_OBJC_WEAK = YES;
				CLANG_WARN_BLOCK_CAPTURE_AUTORELEASING = YES;
				CLANG_WARN_BOOL_CONVERSION = YES;
				CLANG_WARN_COMMA = YES;
				CLANG_WARN_CONSTANT_CONVERSION = YES;
				CLANG_WARN_DEPRECATED_OBJC_IMPLEMENTATIONS = YES;
				CLANG_WARN_DIRECT_OBJC_ISA_USAGE = YES_ERROR;
				CLANG_WARN_DOCUMENTATION_COMMENTS = YES;
				CLANG_WARN_EMPTY_BODY = YES;
				CLANG_WARN_ENUM_CONVERSION = YES;
				CLANG_WARN_INFINITE_RECURSION = YES;
				CLANG_WARN_INT_CONVERSION = YES;
				CLANG_WARN_NON_LITERAL_NULL_CONVERSION = YES;
				CLANG_WARN_OBJC_IMPLICIT_RETAIN_SELF = YES;
				CLANG_WARN_OBJC_LITERAL_CONVERSION = YES;
				CLANG_WARN_OBJC_ROOT_CLASS = YES_ERROR;
				CLANG_WARN_RANGE_LOOP_ANALYSIS = YES;
				CLANG_WARN_STRICT_PROTOTYPES = YES;
				CLANG_WARN_SUSPICIOUS_MOVE = YES;
				CLANG_WARN_UNGUARDED_AVAILABILITY = YES_AGGRESSIVE;
				CLANG_WARN_UNREACHABLE_CODE = YES;
				CLANG_WARN__DUPLICATE_METHOD_MATCH = YES;
				CODE_SIGN_IDENTITY = "iPhone Developer";
				COPY_PHASE_STRIP = NO;
				DEBUG_INFORMATION_FORMAT = dwarf;
				ENABLE_STRICT_OBJC_MSGSEND = YES;
				ENABLE_TESTABILITY = YES;
				GCC_C_LANGUAGE_STANDARD = gnu11;
				GCC_DYNAMIC_NO_PIC = NO;
				GCC_NO_COMMON_BLOCKS = YES;
				GCC_OPTIMIZATION_LEVEL = 0;
				GCC_PREPROCESSOR_DEFINITIONS = (
					"DEBUG=1",
					"$(inherited)",
				);
				GCC_WARN_64_TO_32_BIT_CONVERSION = YES;
				GCC_WARN_ABOUT_RETURN_TYPE = YES_ERROR;
				GCC_WARN_UNDECLARED_SELECTOR = YES;
				GCC_WARN_UNINITIALIZED_AUTOS = YES_AGGRESSIVE;
				GCC_WARN_UNUSED_FUNCTION = YES;
				GCC_WARN_UNUSED_VARIABLE = YES;
				IPHONEOS_DEPLOYMENT_TARGET = 12.4;
				MTL_ENABLE_DEBUG_INFO = INCLUDE_SOURCE;
				MTL_FAST_MATH = YES;
				ONLY_ACTIVE_ARCH = YES;
				SDKROOT = iphoneos;
				SWIFT_ACTIVE_COMPILATION_CONDITIONS = DEBUG;
				SWIFT_OPTIMIZATION_LEVEL = "-Onone";
			};
			name = Debug;
		};
		6B6DBFBF230A9F67004C27EB /* Release */ = {
			isa = XCBuildConfiguration;
			buildSettings = {
				ALWAYS_SEARCH_USER_PATHS = NO;
				CLANG_ANALYZER_NONNULL = YES;
				CLANG_ANALYZER_NUMBER_OBJECT_CONVERSION = YES_AGGRESSIVE;
				CLANG_CXX_LANGUAGE_STANDARD = "gnu++14";
				CLANG_CXX_LIBRARY = "libc++";
				CLANG_ENABLE_MODULES = YES;
				CLANG_ENABLE_OBJC_ARC = YES;
				CLANG_ENABLE_OBJC_WEAK = YES;
				CLANG_WARN_BLOCK_CAPTURE_AUTORELEASING = YES;
				CLANG_WARN_BOOL_CONVERSION = YES;
				CLANG_WARN_COMMA = YES;
				CLANG_WARN_CONSTANT_CONVERSION = YES;
				CLANG_WARN_DEPRECATED_OBJC_IMPLEMENTATIONS = YES;
				CLANG_WARN_DIRECT_OBJC_ISA_USAGE = YES_ERROR;
				CLANG_WARN_DOCUMENTATION_COMMENTS = YES;
				CLANG_WARN_EMPTY_BODY = YES;
				CLANG_WARN_ENUM_CONVERSION = YES;
				CLANG_WARN_INFINITE_RECURSION = YES;
				CLANG_WARN_INT_CONVERSION = YES;
				CLANG_WARN_NON_LITERAL_NULL_CONVERSION = YES;
				CLANG_WARN_OBJC_IMPLICIT_RETAIN_SELF = YES;
				CLANG_WARN_OBJC_LITERAL_CONVERSION = YES;
				CLANG_WARN_OBJC_ROOT_CLASS = YES_ERROR;
				CLANG_WARN_RANGE_LOOP_ANALYSIS = YES;
				CLANG_WARN_STRICT_PROTOTYPES = YES;
				CLANG_WARN_SUSPICIOUS_MOVE = YES;
				CLANG_WARN_UNGUARDED_AVAILABILITY = YES_AGGRESSIVE;
				CLANG_WARN_UNREACHABLE_CODE = YES;
				CLANG_WARN__DUPLICATE_METHOD_MATCH = YES;
				CODE_SIGN_IDENTITY = "iPhone Developer";
				COPY_PHASE_STRIP = NO;
				DEBUG_INFORMATION_FORMAT = "dwarf-with-dsym";
				ENABLE_NS_ASSERTIONS = NO;
				ENABLE_STRICT_OBJC_MSGSEND = YES;
				GCC_C_LANGUAGE_STANDARD = gnu11;
				GCC_NO_COMMON_BLOCKS = YES;
				GCC_WARN_64_TO_32_BIT_CONVERSION = YES;
				GCC_WARN_ABOUT_RETURN_TYPE = YES_ERROR;
				GCC_WARN_UNDECLARED_SELECTOR = YES;
				GCC_WARN_UNINITIALIZED_AUTOS = YES_AGGRESSIVE;
				GCC_WARN_UNUSED_FUNCTION = YES;
				GCC_WARN_UNUSED_VARIABLE = YES;
				IPHONEOS_DEPLOYMENT_TARGET = 12.4;
				MTL_ENABLE_DEBUG_INFO = NO;
				MTL_FAST_MATH = YES;
				SDKROOT = iphoneos;
				SWIFT_COMPILATION_MODE = wholemodule;
				SWIFT_OPTIMIZATION_LEVEL = "-O";
				VALIDATE_PRODUCT = YES;
			};
			name = Release;
		};
		6B6DBFC1230A9F67004C27EB /* Debug */ = {
			isa = XCBuildConfiguration;
			buildSettings = {
				ASSETCATALOG_COMPILER_APPICON_NAME = AppIcon;
				CODE_SIGN_STYLE = Automatic;
				DEVELOPMENT_TEAM = 5A693V6KR5;
				INFOPLIST_FILE = "Jiny Books/Info.plist";
				LD_RUNPATH_SEARCH_PATHS = (
					"$(inherited)",
					"@executable_path/Frameworks",
				);
				PRODUCT_BUNDLE_IDENTIFIER = "com.Demo.Jiny-Books";
				PRODUCT_NAME = "$(TARGET_NAME)";
				SWIFT_VERSION = 5.0;
				TARGETED_DEVICE_FAMILY = "1,2";
			};
			name = Debug;
		};
		6B6DBFC2230A9F67004C27EB /* Release */ = {
			isa = XCBuildConfiguration;
			buildSettings = {
				ASSETCATALOG_COMPILER_APPICON_NAME = AppIcon;
				CODE_SIGN_STYLE = Automatic;
				DEVELOPMENT_TEAM = 5A693V6KR5;
				INFOPLIST_FILE = "Jiny Books/Info.plist";
				LD_RUNPATH_SEARCH_PATHS = (
					"$(inherited)",
					"@executable_path/Frameworks",
				);
				PRODUCT_BUNDLE_IDENTIFIER = "com.Demo.Jiny-Books";
				PRODUCT_NAME = "$(TARGET_NAME)";
				SWIFT_VERSION = 5.0;
				TARGETED_DEVICE_FAMILY = "1,2";
			};
			name = Release;
		};
/* End XCBuildConfiguration section */

/* Begin XCConfigurationList section */
		6B6DBFA9230A9F65004C27EB /* Build configuration list for PBXProject "Jiny Books" */ = {
			isa = XCConfigurationList;
			buildConfigurations = (
				6B6DBFBE230A9F67004C27EB /* Debug */,
				6B6DBFBF230A9F67004C27EB /* Release */,
			);
			defaultConfigurationIsVisible = 0;
			defaultConfigurationName = Release;
		};
		6B6DBFC0230A9F67004C27EB /* Build configuration list for PBXNativeTarget "Jiny Books" */ = {
			isa = XCConfigurationList;
			buildConfigurations = (
				6B6DBFC1230A9F67004C27EB /* Debug */,
				6B6DBFC2230A9F67004C27EB /* Release */,
			);
			defaultConfigurationIsVisible = 0;
			defaultConfigurationName = Release;
		};
/* End XCConfigurationList section */
	};
	rootObject = 6B6DBFA6230A9F65004C27EB /* Project object */;
}
